<?xml version="1.0" encoding="utf-8"?>
<Project ToolsVersion="4.0" xmlns="http://schemas.microsoft.com/developer/msbuild/2003">
  <ItemGroup>
    <ClCompile Include="sources\about_view.cpp">
      <Filter>Source Files</Filter>
    </ClCompile>
    <ClCompile Include="sources\client_view.cpp" />
    <ClCompile Include="sources\controller.cpp" />
    <ClCompile Include="sources\file_manager.cpp" />
    <ClCompile Include="sources\fileExists_view.cpp" />
    <ClCompile Include="sources\logger_manager.cpp">
      <Filter>Source Files</Filter>
    </ClCompile>
    <ClCompile Include="sources\main.cpp" />
    <ClCompile Include="sources\model.cpp" />
    <ClCompile Include="sources\network_manager.cpp" />
    <ClCompile Include="sources\request_manager.cpp" />
    <ClCompile Include="sources\serialization_manager.cpp" />
    <ClCompile Include="sources\settings_manager.cpp" />
    <ClCompile Include="sources\settings_view.cpp" />
    <ClCompile Include="sources\simplecrypt.cpp" />
    <ClCompile Include="sources\stdafx.cpp" />
    <ClCompile Include="sources\file_list_model.cpp">
      <Filter>Source Files</Filter>
    </ClCompile>
  </ItemGroup>
  <ItemGroup>
    <ClInclude Include="headers\user.h" />
    <ClInclude Include="headers\file.h" />
    <ClInclude Include="headers\file_manager.h" />
    <ClInclude Include="headers\request_manager.h" />
    <ClInclude Include="headers\serialization_manager.h" />
    <ClInclude Include="headers\simplecrypt.h" />
    <ClInclude Include="headers\stdafx.h" />
  </ItemGroup>
  <ItemGroup>
    <Media Include="resources\complete.wav" />
    <Media Include="resources\delete.wav" />
  </ItemGroup>
  <ItemGroup>
    <Image Include="images\delete.png" />
    <Image Include="images\folder.png" />
    <Image Include="images\home_button.png" />
    <Image Include="images\icon.png" />
    <Image Include="images\icon_black.ico" />
    <Image Include="images\left.png" />
    <Image Include="images\return_button.png" />
    <Image Include="images\right.png" />
    <Image Include="images\search_button.png" />
    <Image Include="images\clean.png" />
  </ItemGroup>
  <ItemGroup>
    <QtMoc Include="headers\client_view.h" />
    <QtMoc Include="headers\controller.h" />
    <QtMoc Include="headers\fileExists_view.h" />
    <QtMoc Include="headers\model.h" />
    <QtMoc Include="headers\network_manager.h" />
    <QtMoc Include="headers\settings_manager.h" />
    <QtMoc Include="headers\settings_view.h" />
    <QtMoc Include="headers\logger_manager.h">
      <Filter>Header Files</Filter>
    </QtMoc>
    <QtMoc Include="headers\about_view.h">
      <Filter>Header Files</Filter>
    </QtMoc>
    <QtMoc Include="headers\file_list_model.h">
      <Filter>Header Files</Filter>
    </QtMoc>
  </ItemGroup>
  <ItemGroup>
    <QtUic Include="resources\aboutView.ui">
      <Filter>Form Files</Filter>
    </QtUic>
    <QtUic Include="resources\clientView.ui" />
    <QtUic Include="resources\fileExistsView.ui" />
    <QtUic Include="resources\settingsView.ui" />
  </ItemGroup>
  <ItemGroup>
    <Filter Include="Header Files">
      <UniqueIdentifier>{93995380-89BD-4b04-88EB-625FBE52EBFB}</UniqueIdentifier>
      <Extensions>h;hh;hpp;hxx;hm;inl;inc;xsd</Extensions>
      <ParseFiles>true</ParseFiles>
    </Filter>
    <Filter Include="Source Files">
      <UniqueIdentifier>{4FC737F1-C7A5-4376-A066-2A32D752A2FF}</UniqueIdentifier>
      <Extensions>cpp;c;cc;cxx;def;odl;idl;hpj;bat;asm;asmx</Extensions>
      <ParseFiles>true</ParseFiles>
    </Filter>
    <Filter Include="Form Files">
      <UniqueIdentifier>{99349809-55BA-4b9d-BF79-8FDBB0286EB3}</UniqueIdentifier>
      <Extensions>ui</Extensions>
      <ParseFiles>true</ParseFiles>
    </Filter>
    <Filter Include="Resource Files">
      <UniqueIdentifier>{D9D6E242-F8AF-46E4-B9FD-80ECBC20BA3E}</UniqueIdentifier>
      <Extensions>qrc;*</Extensions>
      <ParseFiles>false</ParseFiles>
    </Filter>
  </ItemGroup>
  <ItemGroup>
    <None Include="certificates\client.crt" />
    <None Include="certificates\client.key" />
    <None Include="certificates\root_certificate.crt" />
    <None Include="certificates\server.crt" />
    <None Include="resources\dark_style.css" />
    <None Include="resources\default_style.css" />
    <None Include="certificates\debug\client.crt" />
    <None Include="certificates\debug\client.key" />
    <None Include="certificates\debug\server.crt" />
    <None Include="certificates\release\client.crt" />
    <None Include="certificates\release\client.key" />
    <None Include="certificates\release\root_certificate.crt" />
    <None Include="certificates\release\server.crt" />
    <None Include="certificates\debug\client_certificate.crt" />
    <None Include="certificates\debug\client_private.key" />
    <None Include="certificates\debug\root_certificate.crt" />
    <None Include="certificates\debug\server_public.key" />
    <None Include="certificates\release\client_certificate.crt" />
    <None Include="certificates\release\client_private.key" />
    <None Include="certificates\release\server_public.key" />
  </ItemGroup>
  <ItemGroup>
    <ResourceCompile Include="resources\icon.rc" />
  </ItemGroup>
  <ItemGroup>
    <QtRcc Include="resources\resources.qrc" />
    <QtRcc Include="resources\certificates-debug.qrc">
      <Filter>Resource Files</Filter>
    </QtRcc>
  </ItemGroup>
</Project>