<?xml version="1.0" encoding="utf-8"?>
<Project ToolsVersion="4.0" xmlns="http://schemas.microsoft.com/developer/msbuild/2003">
  <ItemGroup>
    <ClInclude Include="headers\ftp_manager.h">
      <Filter>Header Files</Filter>
    </ClInclude>
    <ClInclude Include="headers\serialization_manager.h">
      <Filter>Header Files</Filter>
    </ClInclude>
    <ClInclude Include="headers\stdafx.h">
      <Filter>Header Files</Filter>
    </ClInclude>
    <ClInclude Include="headers\transfer.h">
      <Filter>Header Files</Filter>
    </ClInclude>
    <ClInclude Include="headers\user.h">
      <Filter>Header Files</Filter>
    </ClInclude>
  </ItemGroup>
  <ItemGroup>
    <Filter Include="Header Files">
      <UniqueIdentifier>{93995380-89BD-4b04-88EB-625FBE52EBFB}</UniqueIdentifier>
      <Extensions>h;hh;hpp;hxx;hm;inl;inc;xsd</Extensions>
      <ParseFiles>true</ParseFiles>
    </Filter>
    <Filter Include="Source Files">
      <UniqueIdentifier>{4FC737F1-C7A5-4376-A066-2A32D752A2FF}</UniqueIdentifier>
      <Extensions>cpp;c;cc;cxx;def;odl;idl;hpj;bat;asm;asmx</Extensions>
      <ParseFiles>true</ParseFiles>
    </Filter>
    <Filter Include="Resource Files">
      <UniqueIdentifier>{D9D6E242-F8AF-46E4-B9FD-80ECBC20BA3E}</UniqueIdentifier>
      <Extensions>qrc;*</Extensions>
      <ParseFiles>false</ParseFiles>
    </Filter>
    <Filter Include="Form Files">
      <UniqueIdentifier>{99349809-55BA-4b9d-BF79-8FDBB0286EB3}</UniqueIdentifier>
      <Extensions>ui</Extensions>
      <ParseFiles>true</ParseFiles>
    </Filter>
  </ItemGroup>
  <ItemGroup>
    <QtMoc Include="headers\model.h">
      <Filter>Header Files</Filter>
    </QtMoc>
    <QtMoc Include="headers\network_manager.h">
      <Filter>Header Files</Filter>
    </QtMoc>
    <QtMoc Include="headers\server_view.h">
      <Filter>Header Files</Filter>
    </QtMoc>
    <QtMoc Include="headers\settings_manager.h">
      <Filter>Header Files</Filter>
    </QtMoc>
    <QtMoc Include="headers\settings_view.h">
      <Filter>Header Files</Filter>
    </QtMoc>
    <QtMoc Include="headers\controller.h">
      <Filter>Header Files</Filter>
    </QtMoc>
    <QtMoc Include="headers\logger_manager.h">
      <Filter>Header Files</Filter>
    </QtMoc>
    <QtMoc Include="headers\worker_manager.h">
      <Filter>Header Files</Filter>
    </QtMoc>
    <QtMoc Include="headers\ssl_server.h">
      <Filter>Header Files</Filter>
    </QtMoc>
    <QtMoc Include="headers\encryption_manager.h">
      <Filter>Header Files</Filter>
    </QtMoc>
  </ItemGroup>
  <ItemGroup>
    <Image Include="images\return_button.png" />
    <Image Include="images\icon.ico" />
  </ItemGroup>
  <ItemGroup>
    <ClCompile Include="sources\controller.cpp">
      <Filter>Source Files</Filter>
    </ClCompile>
    <ClCompile Include="sources\ftp_manager.cpp">
      <Filter>Source Files</Filter>
    </ClCompile>
    <ClCompile Include="sources\logger_manager.cpp">
      <Filter>Source Files</Filter>
    </ClCompile>
    <ClCompile Include="sources\main.cpp">
      <Filter>Source Files</Filter>
    </ClCompile>
    <ClCompile Include="sources\model.cpp">
      <Filter>Source Files</Filter>
    </ClCompile>
    <ClCompile Include="sources\network_manager.cpp">
      <Filter>Source Files</Filter>
    </ClCompile>
    <ClCompile Include="sources\serialization_manager.cpp">
      <Filter>Source Files</Filter>
    </ClCompile>
    <ClCompile Include="sources\server_view.cpp">
      <Filter>Source Files</Filter>
    </ClCompile>
    <ClCompile Include="sources\settings_manager.cpp">
      <Filter>Source Files</Filter>
    </ClCompile>
    <ClCompile Include="sources\settings_view.cpp">
      <Filter>Source Files</Filter>
    </ClCompile>
    <ClCompile Include="sources\ssl_server.cpp">
      <Filter>Source Files</Filter>
    </ClCompile>
    <ClCompile Include="sources\stdafx.cpp">
      <Filter>Source Files</Filter>
    </ClCompile>
    <ClCompile Include="sources\transfer.cpp">
      <Filter>Source Files</Filter>
    </ClCompile>
    <ClCompile Include="sources\worker_manager.cpp">
      <Filter>Source Files</Filter>
    </ClCompile>
    <ClCompile Include="sources\encryption_manager.cpp">
      <Filter>Source Files</Filter>
    </ClCompile>
  </ItemGroup>
  <ItemGroup>
    <QtUic Include="resources\serverView.ui">
      <Filter>Form Files</Filter>
    </QtUic>
    <QtUic Include="resources\settingsView.ui">
      <Filter>Form Files</Filter>
    </QtUic>
  </ItemGroup>
  <ItemGroup>
    <None Include="certificates\server.key" />
    <None Include="certificates\root_certificate.pem" />
    <None Include="certificates\server.pem" />
    <None Include="certificates\server.crt" />
    <None Include="certificates\root_certificate.crt" />
    <None Include="certificates\debug\root_certificate.crt" />
    <None Include="certificates\debug\server.crt" />
    <None Include="certificates\debug\server.key" />
    <None Include="certificates\release\root_certificate.crt" />
    <None Include="certificates\release\server.crt" />
    <None Include="certificates\release\server.key" />
    <None Include="certificates\debug\server_certificate.crt" />
    <None Include="certificates\debug\server_private.key" />
    <None Include="certificates\release\server_certificate.crt" />
    <None Include="certificates\release\server_private.key" />
  </ItemGroup>
  <ItemGroup>
    <ResourceCompile Include="resources\icon.rc" />
  </ItemGroup>
  <ItemGroup>
    <QtRcc Include="resources\resources.qrc">
      <Filter>Resource Files</Filter>
    </QtRcc>
    <QtRcc Include="resources\certificates-debug.qrc">
      <Filter>Resource Files</Filter>
    </QtRcc>
  </ItemGroup>
</Project>